
Microsoft Visual Studio Solution File, Format Version 12.00
# Visual Studio 14
VisualStudioVersion = 14.0.25420.1
MinimumVisualStudioVersion = 10.0.40219.1
Project("{2150E333-8FDC-42A3-9474-1A3956D46DE8}") = "src", "src", "{424A1BE0-32DB-458D-9C52-C2E85A3F97CF}"
EndProject
Project("{2150E333-8FDC-42A3-9474-1A3956D46DE8}") = "Solution Items", "Solution Items", "{9B6BF173-1C90-4FF4-87CD-D5168558D6D1}"
	ProjectSection(SolutionItems) = preProject
		global.json = global.json
	EndProjectSection
EndProject
Project("{8BB2217D-0F2D-49D1-97BC-3654ED321F3B}") = "SignalRBugRepro", "src\SignalRBugRepro\SignalRBugRepro.xproj", "{A9097A6D-20C1-462B-A5C8-4886EA8ECCE0}"
EndProject
Global
	GlobalSection(SolutionConfigurationPlatforms) = preSolution
		Debug|Any CPU = Debug|Any CPU
		Release|Any CPU = Release|Any CPU
	EndGlobalSection
	GlobalSection(ProjectConfigurationPlatforms) = postSolution
		{A9097A6D-20C1-462B-A5C8-4886EA8ECCE0}.Debug|Any CPU.ActiveCfg = Debug|Any CPU
		{A9097A6D-20C1-462B-A5C8-4886EA8ECCE0}.Debug|Any CPU.Build.0 = Debug|Any CPU
		{A9097A6D-20C1-462B-A5C8-4886EA8ECCE0}.Release|Any CPU.ActiveCfg = Release|Any CPU
		{A9097A6D-20C1-462B-A5C8-4886EA8ECCE0}.Release|Any CPU.Build.0 = Release|Any CPU
	EndGlobalSection
	GlobalSection(SolutionProperties) = preSolution
		HideSolutionNode = FALSE
	EndGlobalSection
	GlobalSection(NestedProjects) = preSolution
		{A9097A6D-20C1-462B-A5C8-4886EA8ECCE0} = {424A1BE0-32DB-458D-9C52-C2E85A3F97CF}
	EndGlobalSection
EndGlobal
